
Microsoft Visual Studio Solution File, Format Version 12.00
# Visual Studio Version 16
VisualStudioVersion = 16.0.31729.503
MinimumVisualStudioVersion = 10.0.40219.1
Project("{FAE04EC0-301F-11D3-BF4B-00C04F79EFBC}") = "eTickets", "eTickets\eTickets.csproj", "{38FCDFA3-7D29-44A5-A35A-17FF185B1032}"
EndProject
Global
	GlobalSection(SolutionConfigurationPlatforms) = preSolution
		Debug|Any CPU = Debug|Any CPU
		Release|Any CPU = Release|Any CPU
	EndGlobalSection
	GlobalSection(ProjectConfigurationPlatforms) = postSolution
		{38FCDFA3-7D29-44A5-A35A-17FF185B1032}.Debug|Any CPU.ActiveCfg = Debug|Any CPU
		{38FCDFA3-7D29-44A5-A35A-17FF185B1032}.Debug|Any CPU.Build.0 = Debug|Any CPU
		{38FCDFA3-7D29-44A5-A35A-17FF185B1032}.Release|Any CPU.ActiveCfg = Release|Any CPU
		{38FCDFA3-7D29-44A5-A35A-17FF185B1032}.Release|Any CPU.Build.0 = Release|Any CPU
	EndGlobalSection
	GlobalSection(SolutionProperties) = preSolution
		HideSolutionNode = FALSE
	EndGlobalSection
	GlobalSection(ExtensibilityGlobals) = postSolution
		SolutionGuid = {1CDC3432-CAD9-4903-B4CC-B669D68F6B29}
	EndGlobalSection
EndGlobal
